
Microsoft Visual Studio Solution File, Format Version 12.00
# Visual Studio Version 16
VisualStudioVersion = 16.0.30114.105
MinimumVisualStudioVersion = 10.0.40219.1
Project("{9A19103F-16F7-4668-BE54-9A1E7A4F7556}") = "OdontoCred", "OdontoCred\OdontoCred.csproj", "{BFAD72E1-35FD-4B7D-B345-D3B927CB7334}"
EndProject
Project("{FAE04EC0-301F-11D3-BF4B-00C04F79EFBC}") = "OdontoCredAPI", "OdontoCredAPI\OdontoCredAPI.csproj", "{1CE35AAC-E0A7-49AC-AD11-042F4AC6F5A4}"
EndProject
Global
	GlobalSection(SolutionConfigurationPlatforms) = preSolution
		Debug|Any CPU = Debug|Any CPU
		Release|Any CPU = Release|Any CPU
	EndGlobalSection
	GlobalSection(ProjectConfigurationPlatforms) = postSolution
		{BFAD72E1-35FD-4B7D-B345-D3B927CB7334}.Debug|Any CPU.ActiveCfg = Debug|Any CPU
		{BFAD72E1-35FD-4B7D-B345-D3B927CB7334}.Debug|Any CPU.Build.0 = Debug|Any CPU
		{BFAD72E1-35FD-4B7D-B345-D3B927CB7334}.Release|Any CPU.ActiveCfg = Release|Any CPU
		{BFAD72E1-35FD-4B7D-B345-D3B927CB7334}.Release|Any CPU.Build.0 = Release|Any CPU
		{1CE35AAC-E0A7-49AC-AD11-042F4AC6F5A4}.Debug|Any CPU.ActiveCfg = Debug|Any CPU
		{1CE35AAC-E0A7-49AC-AD11-042F4AC6F5A4}.Debug|Any CPU.Build.0 = Debug|Any CPU
		{1CE35AAC-E0A7-49AC-AD11-042F4AC6F5A4}.Release|Any CPU.ActiveCfg = Release|Any CPU
		{1CE35AAC-E0A7-49AC-AD11-042F4AC6F5A4}.Release|Any CPU.Build.0 = Release|Any CPU
	EndGlobalSection
	GlobalSection(SolutionProperties) = preSolution
		HideSolutionNode = FALSE
	EndGlobalSection
	GlobalSection(ExtensibilityGlobals) = postSolution
		SolutionGuid = {6FA31B93-DA93-409E-9705-3DB640EBB9FC}
	EndGlobalSection
EndGlobal
